PODS:
  - FRadioPlayer (0.1.10)
  - YandexMobileMetrica/Dynamic (2.9.6)

DEPENDENCIES:
  - FRadioPlayer
  - YandexMobileMetrica/Dynamic (= 2.9.6)

SPEC CHECKSUMS:
  FRadioPlayer: f803d7b2ad83d5ccbc988ab88d490f4e6489e1fa
  YandexMobileMetrica: 330c11f9e4b8b3b72454c0cd80f61b4231467ebe

PODFILE CHECKSUM: 40d8f6cb01f5e1237fd2dfa44a11b057af5ae939

COCOAPODS: 1.4.0
