PODS:
  - FRadioPlayer (0.1.10)
  - OneSignal (2.8.2)

DEPENDENCIES:
  - FRadioPlayer
  - OneSignal (< 3.0, >= 2.6.2)

SPEC REPOS:
  https://github.com/cocoapods/specs.git:
    - FRadioPlayer
    - OneSignal

SPEC CHECKSUMS:
  FRadioPlayer: f803d7b2ad83d5ccbc988ab88d490f4e6489e1fa
  OneSignal: ab5c509192ca8390bdd3570a6261e6decf4c79c1

PODFILE CHECKSUM: 6a9bed6d777d625598f589300740fc8e87da3b0c

COCOAPODS: 1.5.3
