// !$*UTF8*$!
{
	archiveVersion = 1;
	classes = {
	};
	objectVersion = 48;
	objects = {

/* Begin PBXBuildFile section */
		2B1CAADB20653602005A193C /* AppDelegate.swift in Sources */ = {isa = PBXBuildFile; fileRef = 2B1CAADA20653602005A193C /* AppDelegate.swift */; };
		2B1CAADD20653602005A193C /* ViewController.swift in Sources */ = {isa = PBXBuildFile; fileRef = 2B1CAADC20653602005A193C /* ViewController.swift */; };
		2B1CAAE020653602005A193C /* Main.storyboard in Resources */ = {isa = PBXBuildFile; fileRef = 2B1CAADE20653602005A193C /* Main.storyboard */; };
		2B1CAAE220653602005A193C /* Assets.xcassets in Resources */ = {isa = PBXBuildFile; fileRef = 2B1CAAE120653602005A193C /* Assets.xcassets */; };
		2B1CAAE520653602005A193C /* LaunchScreen.storyboard in Resources */ = {isa = PBXBuildFile; fileRef = 2B1CAAE320653602005A193C /* LaunchScreen.storyboard */; };
		2B1CAAF020653602005A193C /* fiztehradioTests.swift in Sources */ = {isa = PBXBuildFile; fileRef = 2B1CAAEF20653602005A193C /* fiztehradioTests.swift */; };
		2B1CAAFB20653602005A193C /* fiztehradioUITests.swift in Sources */ = {isa = PBXBuildFile; fileRef = 2B1CAAFA20653602005A193C /* fiztehradioUITests.swift */; };
		7BEED8E82A0FFC3DFDD7E4A0 /* Pods_fiztehradio.framework in Frameworks */ = {isa = PBXBuildFile; fileRef = B413F7A1CF9E058F0C18D24E /* Pods_fiztehradio.framework */; };
		AE47F819EAB02697DCB8FE50 /* Pods_fiztehradioTests.framework in Frameworks */ = {isa = PBXBuildFile; fileRef = B14FC7FE5707491A2249983D /* Pods_fiztehradioTests.framework */; };
		D03831C2DB1E380A4A640820 /* Pods_fiztehradioUITests.framework in Frameworks */ = {isa = PBXBuildFile; fileRef = 2FCF861E44181AB654BCE74A /* Pods_fiztehradioUITests.framework */; };
/* End PBXBuildFile section */

/* Begin PBXContainerItemProxy section */
		2B1CAAEC20653602005A193C /* PBXContainerItemProxy */ = {
			isa = PBXContainerItemProxy;
			containerPortal = 2B1CAACF20653601005A193C /* Project object */;
			proxyType = 1;
			remoteGlobalIDString = 2B1CAAD620653602005A193C;
			remoteInfo = fiztehradio;
		};
		2B1CAAF720653602005A193C /* PBXContainerItemProxy */ = {
			isa = PBXContainerItemProxy;
			containerPortal = 2B1CAACF20653601005A193C /* Project object */;
			proxyType = 1;
			remoteGlobalIDString = 2B1CAAD620653602005A193C;
			remoteInfo = fiztehradio;
		};
/* End PBXContainerItemProxy section */

/* Begin PBXFileReference section */
		2B1CAAD720653602005A193C /* fiztehradio.app */ = {isa = PBXFileReference; explicitFileType = wrapper.application; includeInIndex = 0; path = fiztehradio.app; sourceTree = BUILT_PRODUCTS_DIR; };
		2B1CAADA20653602005A193C /* AppDelegate.swift */ = {isa = PBXFileReference; lastKnownFileType = sourcecode.swift; path = AppDelegate.swift; sourceTree = "<group>"; };
		2B1CAADC20653602005A193C /* ViewController.swift */ = {isa = PBXFileReference; lastKnownFileType = sourcecode.swift; path = ViewController.swift; sourceTree = "<group>"; };
		2B1CAADF20653602005A193C /* Base */ = {isa = PBXFileReference; lastKnownFileType = file.storyboard; name = Base; path = Base.lproj/Main.storyboard; sourceTree = "<group>"; };
		2B1CAAE120653602005A193C /* Assets.xcassets */ = {isa = PBXFileReference; lastKnownFileType = folder.assetcatalog; path = Assets.xcassets; sourceTree = "<group>"; };
		2B1CAAE420653602005A193C /* Base */ = {isa = PBXFileReference; lastKnownFileType = file.storyboard; name = Base; path = Base.lproj/LaunchScreen.storyboard; sourceTree = "<group>"; };
		2B1CAAE620653602005A193C /* Info.plist */ = {isa = PBXFileReference; lastKnownFileType = text.plist.xml; path = Info.plist; sourceTree = "<group>"; };
		2B1CAAEB20653602005A193C /* fiztehradioTests.xctest */ = {isa = PBXFileReference; explicitFileType = wrapper.cfbundle; includeInIndex = 0; path = fiztehradioTests.xctest; sourceTree = BUILT_PRODUCTS_DIR; };
		2B1CAAEF20653602005A193C /* fiztehradioTests.swift */ = {isa = PBXFileReference; lastKnownFileType = sourcecode.swift; path = fiztehradioTests.swift; sourceTree = "<group>"; };
		2B1CAAF120653602005A193C /* Info.plist */ = {isa = PBXFileReference; lastKnownFileType = text.plist.xml; path = Info.plist; sourceTree = "<group>"; };
		2B1CAAF620653602005A193C /* fiztehradioUITests.xctest */ = {isa = PBXFileReference; explicitFileType = wrapper.cfbundle; includeInIndex = 0; path = fiztehradioUITests.xctest; sourceTree = BUILT_PRODUCTS_DIR; };
		2B1CAAFA20653602005A193C /* fiztehradioUITests.swift */ = {isa = PBXFileReference; lastKnownFileType = sourcecode.swift; path = fiztehradioUITests.swift; sourceTree = "<group>"; };
		2B1CAAFC20653602005A193C /* Info.plist */ = {isa = PBXFileReference; lastKnownFileType = text.plist.xml; path = Info.plist; sourceTree = "<group>"; };
		2FCF861E44181AB654BCE74A /* Pods_fiztehradioUITests.framework */ = {isa = PBXFileReference; explicitFileType = wrapper.framework; includeInIndex = 0; path = Pods_fiztehradioUITests.framework; sourceTree = BUILT_PRODUCTS_DIR; };
		39F622E57672AE7EB901A1DF /* Pods-fiztehradioUITests.debug.xcconfig */ = {isa = PBXFileReference; includeInIndex = 1; lastKnownFileType = text.xcconfig; name = "Pods-fiztehradioUITests.debug.xcconfig"; path = "Pods/Target Support Files/Pods-fiztehradioUITests/Pods-fiztehradioUITests.debug.xcconfig"; sourceTree = "<group>"; };
		70E509A1577C9A3A9365D046 /* Pods-fiztehradioUITests.release.xcconfig */ = {isa = PBXFileReference; includeInIndex = 1; lastKnownFileType = text.xcconfig; name = "Pods-fiztehradioUITests.release.xcconfig"; path = "Pods/Target Support Files/Pods-fiztehradioUITests/Pods-fiztehradioUITests.release.xcconfig"; sourceTree = "<group>"; };
		7E5DC036ABC60248FD823BC6 /* Pods-fiztehradioTests.release.xcconfig */ = {isa = PBXFileReference; includeInIndex = 1; lastKnownFileType = text.xcconfig; name = "Pods-fiztehradioTests.release.xcconfig"; path = "Pods/Target Support Files/Pods-fiztehradioTests/Pods-fiztehradioTests.release.xcconfig"; sourceTree = "<group>"; };
		80C404853120F4E4EB64CC15 /* Pods-fiztehradio.debug.xcconfig */ = {isa = PBXFileReference; includeInIndex = 1; lastKnownFileType = text.xcconfig; name = "Pods-fiztehradio.debug.xcconfig"; path = "Pods/Target Support Files/Pods-fiztehradio/Pods-fiztehradio.debug.xcconfig"; sourceTree = "<group>"; };
		9C17B2634D00EFE5421EFC66 /* Pods-fiztehradioTests.debug.xcconfig */ = {isa = PBXFileReference; includeInIndex = 1; lastKnownFileType = text.xcconfig; name = "Pods-fiztehradioTests.debug.xcconfig"; path = "Pods/Target Support Files/Pods-fiztehradioTests/Pods-fiztehradioTests.debug.xcconfig"; sourceTree = "<group>"; };
		ADC2E8D2F378B39DD2DA16C7 /* Pods-fiztehradio.release.xcconfig */ = {isa = PBXFileReference; includeInIndex = 1; lastKnownFileType = text.xcconfig; name = "Pods-fiztehradio.release.xcconfig"; path = "Pods/Target Support Files/Pods-fiztehradio/Pods-fiztehradio.release.xcconfig"; sourceTree = "<group>"; };
		B14FC7FE5707491A2249983D /* Pods_fiztehradioTests.framework */ = {isa = PBXFileReference; explicitFileType = wrapper.framework; includeInIndex = 0; path = Pods_fiztehradioTests.framework; sourceTree = BUILT_PRODUCTS_DIR; };
		B413F7A1CF9E058F0C18D24E /* Pods_fiztehradio.framework */ = {isa = PBXFileReference; explicitFileType = wrapper.framework; includeInIndex = 0; path = Pods_fiztehradio.framework; sourceTree = BUILT_PRODUCTS_DIR; };
/* End PBXFileReference section */

/* Begin PBXFrameworksBuildPhase section */
		2B1CAAD420653602005A193C /* Frameworks */ = {
			isa = PBXFrameworksBuildPhase;
			buildActionMask = 2147483647;
			files = (
				7BEED8E82A0FFC3DFDD7E4A0 /* Pods_fiztehradio.framework in Frameworks */,
			);
			runOnlyForDeploymentPostprocessing = 0;
		};
		2B1CAAE820653602005A193C /* Frameworks */ = {
			isa = PBXFrameworksBuildPhase;
			buildActionMask = 2147483647;
			files = (
				AE47F819EAB02697DCB8FE50 /* Pods_fiztehradioTests.framework in Frameworks */,
			);
			runOnlyForDeploymentPostprocessing = 0;
		};
		2B1CAAF320653602005A193C /* Frameworks */ = {
			isa = PBXFrameworksBuildPhase;
			buildActionMask = 2147483647;
			files = (
				D03831C2DB1E380A4A640820 /* Pods_fiztehradioUITests.framework in Frameworks */,
			);
			runOnlyForDeploymentPostprocessing = 0;
		};
/* End PBXFrameworksBuildPhase section */

/* Begin PBXGroup section */
		2B1CAACE20653601005A193C = {
			isa = PBXGroup;
			children = (
				2B1CAAD920653602005A193C /* fiztehradio */,
				2B1CAAEE20653602005A193C /* fiztehradioTests */,
				2B1CAAF920653602005A193C /* fiztehradioUITests */,
				2B1CAAD820653602005A193C /* Products */,
				B5AEE631F8656B5464256D95 /* Pods */,
				8CDAE41B92011D1B37E5BD60 /* Frameworks */,
			);
			sourceTree = "<group>";
		};
		2B1CAAD820653602005A193C /* Products */ = {
			isa = PBXGroup;
			children = (
				2B1CAAD720653602005A193C /* fiztehradio.app */,
				2B1CAAEB20653602005A193C /* fiztehradioTests.xctest */,
				2B1CAAF620653602005A193C /* fiztehradioUITests.xctest */,
			);
			name = Products;
			sourceTree = "<group>";
		};
		2B1CAAD920653602005A193C /* fiztehradio */ = {
			isa = PBXGroup;
			children = (
				2B1CAADA20653602005A193C /* AppDelegate.swift */,
				2B1CAADC20653602005A193C /* ViewController.swift */,
				2B1CAADE20653602005A193C /* Main.storyboard */,
				2B1CAAE120653602005A193C /* Assets.xcassets */,
				2B1CAAE320653602005A193C /* LaunchScreen.storyboard */,
				2B1CAAE620653602005A193C /* Info.plist */,
			);
			path = fiztehradio;
			sourceTree = "<group>";
		};
		2B1CAAEE20653602005A193C /* fiztehradioTests */ = {
			isa = PBXGroup;
			children = (
				2B1CAAEF20653602005A193C /* fiztehradioTests.swift */,
				2B1CAAF120653602005A193C /* Info.plist */,
			);
			path = fiztehradioTests;
			sourceTree = "<group>";
		};
		2B1CAAF920653602005A193C /* fiztehradioUITests */ = {
			isa = PBXGroup;
			children = (
				2B1CAAFA20653602005A193C /* fiztehradioUITests.swift */,
				2B1CAAFC20653602005A193C /* Info.plist */,
			);
			path = fiztehradioUITests;
			sourceTree = "<group>";
		};
		8CDAE41B92011D1B37E5BD60 /* Frameworks */ = {
			isa = PBXGroup;
			children = (
				B413F7A1CF9E058F0C18D24E /* Pods_fiztehradio.framework */,
				B14FC7FE5707491A2249983D /* Pods_fiztehradioTests.framework */,
				2FCF861E44181AB654BCE74A /* Pods_fiztehradioUITests.framework */,
			);
			name = Frameworks;
			sourceTree = "<group>";
		};
		B5AEE631F8656B5464256D95 /* Pods */ = {
			isa = PBXGroup;
			children = (
				80C404853120F4E4EB64CC15 /* Pods-fiztehradio.debug.xcconfig */,
				ADC2E8D2F378B39DD2DA16C7 /* Pods-fiztehradio.release.xcconfig */,
				9C17B2634D00EFE5421EFC66 /* Pods-fiztehradioTests.debug.xcconfig */,
				7E5DC036ABC60248FD823BC6 /* Pods-fiztehradioTests.release.xcconfig */,
				39F622E57672AE7EB901A1DF /* Pods-fiztehradioUITests.debug.xcconfig */,
				70E509A1577C9A3A9365D046 /* Pods-fiztehradioUITests.release.xcconfig */,
			);
			name = Pods;
			sourceTree = "<group>";
		};
/* End PBXGroup section */

/* Begin PBXNativeTarget section */
		2B1CAAD620653602005A193C /* fiztehradio */ = {
			isa = PBXNativeTarget;
			buildConfigurationList = 2B1CAAFF20653602005A193C /* Build configuration list for PBXNativeTarget "fiztehradio" */;
			buildPhases = (
				BF72258F5FE83FD367131C37 /* [CP] Check Pods Manifest.lock */,
				2B1CAAD320653602005A193C /* Sources */,
				2B1CAAD420653602005A193C /* Frameworks */,
				2B1CAAD520653602005A193C /* Resources */,
				8701C1703F1972296B6BF29B /* [CP] Embed Pods Frameworks */,
				1BE42F4DC200786460927B5D /* [CP] Copy Pods Resources */,
			);
			buildRules = (
			);
			dependencies = (
			);
			name = fiztehradio;
			productName = fiztehradio;
			productReference = 2B1CAAD720653602005A193C /* fiztehradio.app */;
			productType = "com.apple.product-type.application";
		};
		2B1CAAEA20653602005A193C /* fiztehradioTests */ = {
			isa = PBXNativeTarget;
			buildConfigurationList = 2B1CAB0220653602005A193C /* Build configuration list for PBXNativeTarget "fiztehradioTests" */;
			buildPhases = (
				197AEFB10EBD17F8E83BE003 /* [CP] Check Pods Manifest.lock */,
				2B1CAAE720653602005A193C /* Sources */,
				2B1CAAE820653602005A193C /* Frameworks */,
				2B1CAAE920653602005A193C /* Resources */,
				C7AE9E19D01DAC399F934B93 /* [CP] Embed Pods Frameworks */,
				BB1E1048CFC979F08C92B310 /* [CP] Copy Pods Resources */,
			);
			buildRules = (
			);
			dependencies = (
				2B1CAAED20653602005A193C /* PBXTargetDependency */,
			);
			name = fiztehradioTests;
			productName = fiztehradioTests;
			productReference = 2B1CAAEB20653602005A193C /* fiztehradioTests.xctest */;
			productType = "com.apple.product-type.bundle.unit-test";
		};
		2B1CAAF520653602005A193C /* fiztehradioUITests */ = {
			isa = PBXNativeTarget;
			buildConfigurationList = 2B1CAB0520653602005A193C /* Build configuration list for PBXNativeTarget "fiztehradioUITests" */;
			buildPhases = (
				2827577BE28EBA4215BCB099 /* [CP] Check Pods Manifest.lock */,
				2B1CAAF220653602005A193C /* Sources */,
				2B1CAAF320653602005A193C /* Frameworks */,
				2B1CAAF420653602005A193C /* Resources */,
				37FBA4405B76C40B39AD5391 /* [CP] Embed Pods Frameworks */,
				126ABEE8F6D0495557A334B1 /* [CP] Copy Pods Resources */,
			);
			buildRules = (
			);
			dependencies = (
				2B1CAAF820653602005A193C /* PBXTargetDependency */,
			);
			name = fiztehradioUITests;
			productName = fiztehradioUITests;
			productReference = 2B1CAAF620653602005A193C /* fiztehradioUITests.xctest */;
			productType = "com.apple.product-type.bundle.ui-testing";
		};
/* End PBXNativeTarget section */

/* Begin PBXProject section */
		2B1CAACF20653601005A193C /* Project object */ = {
			isa = PBXProject;
			attributes = {
				LastSwiftUpdateCheck = 0920;
				LastUpgradeCheck = 0920;
				ORGANIZATIONNAME = caffeinum;
				TargetAttributes = {
					2B1CAAD620653602005A193C = {
						CreatedOnToolsVersion = 9.2;
						ProvisioningStyle = Automatic;
					};
					2B1CAAEA20653602005A193C = {
						CreatedOnToolsVersion = 9.2;
						ProvisioningStyle = Automatic;
						TestTargetID = 2B1CAAD620653602005A193C;
					};
					2B1CAAF520653602005A193C = {
						CreatedOnToolsVersion = 9.2;
						ProvisioningStyle = Automatic;
						TestTargetID = 2B1CAAD620653602005A193C;
					};
				};
			};
			buildConfigurationList = 2B1CAAD220653601005A193C /* Build configuration list for PBXProject "fiztehradio" */;
			compatibilityVersion = "Xcode 8.0";
			developmentRegion = en;
			hasScannedForEncodings = 0;
			knownRegions = (
				en,
				Base,
			);
			mainGroup = 2B1CAACE20653601005A193C;
			productRefGroup = 2B1CAAD820653602005A193C /* Products */;
			projectDirPath = "";
			projectRoot = "";
			targets = (
				2B1CAAD620653602005A193C /* fiztehradio */,
				2B1CAAEA20653602005A193C /* fiztehradioTests */,
				2B1CAAF520653602005A193C /* fiztehradioUITests */,
			);
		};
/* End PBXProject section */

/* Begin PBXResourcesBuildPhase section */
		2B1CAAD520653602005A193C /* Resources */ = {
			isa = PBXResourcesBuildPhase;
			buildActionMask = 2147483647;
			files = (
				2B1CAAE520653602005A193C /* LaunchScreen.storyboard in Resources */,
				2B1CAAE220653602005A193C /* Assets.xcassets in Resources */,
				2B1CAAE020653602005A193C /* Main.storyboard in Resources */,
			);
			runOnlyForDeploymentPostprocessing = 0;
		};
		2B1CAAE920653602005A193C /* Resources */ = {
			isa = PBXResourcesBuildPhase;
			buildActionMask = 2147483647;
			files = (
			);
			runOnlyForDeploymentPostprocessing = 0;
		};
		2B1CAAF420653602005A193C /* Resources */ = {
			isa = PBXResourcesBuildPhase;
			buildActionMask = 2147483647;
			files = (
			);
			runOnlyForDeploymentPostprocessing = 0;
		};
/* End PBXResourcesBuildPhase section */

/* Begin PBXShellScriptBuildPhase section */
		126ABEE8F6D0495557A334B1 /* [CP] Copy Pods Resources */ = {
			isa = PBXShellScriptBuildPhase;
			buildActionMask = 2147483647;
			files = (
			);
			inputPaths = (
			);
			name = "[CP] Copy Pods Resources";
			outputPaths = (
			);
			runOnlyForDeploymentPostprocessing = 0;
			shellPath = /bin/sh;
			shellScript = "\"${SRCROOT}/Pods/Target Support Files/Pods-fiztehradioUITests/Pods-fiztehradioUITests-resources.sh\"\n";
			showEnvVarsInLog = 0;
		};
		197AEFB10EBD17F8E83BE003 /* [CP] Check Pods Manifest.lock */ = {
			isa = PBXShellScriptBuildPhase;
			buildActionMask = 2147483647;
			files = (
			);
			inputPaths = (
				"${PODS_PODFILE_DIR_PATH}/Podfile.lock",
				"${PODS_ROOT}/Manifest.lock",
			);
			name = "[CP] Check Pods Manifest.lock";
			outputPaths = (
				"$(DERIVED_FILE_DIR)/Pods-fiztehradioTests-checkManifestLockResult.txt",
			);
			runOnlyForDeploymentPostprocessing = 0;
			shellPath = /bin/sh;
			shellScript = "diff \"${PODS_PODFILE_DIR_PATH}/Podfile.lock\" \"${PODS_ROOT}/Manifest.lock\" > /dev/null\nif [ $? != 0 ] ; then\n    # print error to STDERR\n    echo \"error: The sandbox is not in sync with the Podfile.lock. Run 'pod install' or update your CocoaPods installation.\" >&2\n    exit 1\nfi\n# This output is used by Xcode 'outputs' to avoid re-running this script phase.\necho \"SUCCESS\" > \"${SCRIPT_OUTPUT_FILE_0}\"\n";
			showEnvVarsInLog = 0;
		};
		1BE42F4DC200786460927B5D /* [CP] Copy Pods Resources */ = {
			isa = PBXShellScriptBuildPhase;
			buildActionMask = 2147483647;
			files = (
			);
			inputPaths = (
			);
			name = "[CP] Copy Pods Resources";
			outputPaths = (
			);
			runOnlyForDeploymentPostprocessing = 0;
			shellPath = /bin/sh;
			shellScript = "\"${SRCROOT}/Pods/Target Support Files/Pods-fiztehradio/Pods-fiztehradio-resources.sh\"\n";
			showEnvVarsInLog = 0;
		};
		2827577BE28EBA4215BCB099 /* [CP] Check Pods Manifest.lock */ = {
			isa = PBXShellScriptBuildPhase;
			buildActionMask = 2147483647;
			files = (
			);
			inputPaths = (
				"${PODS_PODFILE_DIR_PATH}/Podfile.lock",
				"${PODS_ROOT}/Manifest.lock",
			);
			name = "[CP] Check Pods Manifest.lock";
			outputPaths = (
				"$(DERIVED_FILE_DIR)/Pods-fiztehradioUITests-checkManifestLockResult.txt",
			);
			runOnlyForDeploymentPostprocessing = 0;
			shellPath = /bin/sh;
			shellScript = "diff \"${PODS_PODFILE_DIR_PATH}/Podfile.lock\" \"${PODS_ROOT}/Manifest.lock\" > /dev/null\nif [ $? != 0 ] ; then\n    # print error to STDERR\n    echo \"error: The sandbox is not in sync with the Podfile.lock. Run 'pod install' or update your CocoaPods installation.\" >&2\n    exit 1\nfi\n# This output is used by Xcode 'outputs' to avoid re-running this script phase.\necho \"SUCCESS\" > \"${SCRIPT_OUTPUT_FILE_0}\"\n";
			showEnvVarsInLog = 0;
		};
		37FBA4405B76C40B39AD5391 /* [CP] Embed Pods Frameworks */ = {
			isa = PBXShellScriptBuildPhase;
			buildActionMask = 2147483647;
			files = (
			);
			inputPaths = (
			);
			name = "[CP] Embed Pods Frameworks";
			outputPaths = (
			);
			runOnlyForDeploymentPostprocessing = 0;
			shellPath = /bin/sh;
			shellScript = "\"${SRCROOT}/Pods/Target Support Files/Pods-fiztehradioUITests/Pods-fiztehradioUITests-frameworks.sh\"\n";
			showEnvVarsInLog = 0;
		};
		8701C1703F1972296B6BF29B /* [CP] Embed Pods Frameworks */ = {
			isa = PBXShellScriptBuildPhase;
			buildActionMask = 2147483647;
			files = (
			);
			inputPaths = (
				"${SRCROOT}/Pods/Target Support Files/Pods-fiztehradio/Pods-fiztehradio-frameworks.sh",
				"${BUILT_PRODUCTS_DIR}/FRadioPlayer/FRadioPlayer.framework",
			);
			name = "[CP] Embed Pods Frameworks";
			outputPaths = (
				"${TARGET_BUILD_DIR}/${FRAMEWORKS_FOLDER_PATH}/FRadioPlayer.framework",
			);
			runOnlyForDeploymentPostprocessing = 0;
			shellPath = /bin/sh;
			shellScript = "\"${SRCROOT}/Pods/Target Support Files/Pods-fiztehradio/Pods-fiztehradio-frameworks.sh\"\n";
			showEnvVarsInLog = 0;
		};
		BB1E1048CFC979F08C92B310 /* [CP] Copy Pods Resources */ = {
			isa = PBXShellScriptBuildPhase;
			buildActionMask = 2147483647;
			files = (
			);
			inputPaths = (
			);
			name = "[CP] Copy Pods Resources";
			outputPaths = (
			);
			runOnlyForDeploymentPostprocessing = 0;
			shellPath = /bin/sh;
			shellScript = "\"${SRCROOT}/Pods/Target Support Files/Pods-fiztehradioTests/Pods-fiztehradioTests-resources.sh\"\n";
			showEnvVarsInLog = 0;
		};
		BF72258F5FE83FD367131C37 /* [CP] Check Pods Manifest.lock */ = {
			isa = PBXShellScriptBuildPhase;
			buildActionMask = 2147483647;
			files = (
			);
			inputPaths = (
				"${PODS_PODFILE_DIR_PATH}/Podfile.lock",
				"${PODS_ROOT}/Manifest.lock",
			);
			name = "[CP] Check Pods Manifest.lock";
			outputPaths = (
				"$(DERIVED_FILE_DIR)/Pods-fiztehradio-checkManifestLockResult.txt",
			);
			runOnlyForDeploymentPostprocessing = 0;
			shellPath = /bin/sh;
			shellScript = "diff \"${PODS_PODFILE_DIR_PATH}/Podfile.lock\" \"${PODS_ROOT}/Manifest.lock\" > /dev/null\nif [ $? != 0 ] ; then\n    # print error to STDERR\n    echo \"error: The sandbox is not in sync with the Podfile.lock. Run 'pod install' or update your CocoaPods installation.\" >&2\n    exit 1\nfi\n# This output is used by Xcode 'outputs' to avoid re-running this script phase.\necho \"SUCCESS\" > \"${SCRIPT_OUTPUT_FILE_0}\"\n";
			showEnvVarsInLog = 0;
		};
		C7AE9E19D01DAC399F934B93 /* [CP] Embed Pods Frameworks */ = {
			isa = PBXShellScriptBuildPhase;
			buildActionMask = 2147483647;
			files = (
			);
			inputPaths = (
			);
			name = "[CP] Embed Pods Frameworks";
			outputPaths = (
			);
			runOnlyForDeploymentPostprocessing = 0;
			shellPath = /bin/sh;
			shellScript = "\"${SRCROOT}/Pods/Target Support Files/Pods-fiztehradioTests/Pods-fiztehradioTests-frameworks.sh\"\n";
			showEnvVarsInLog = 0;
		};
/* End PBXShellScriptBuildPhase section */

/* Begin PBXSourcesBuildPhase section */
		2B1CAAD320653602005A193C /* Sources */ = {
			isa = PBXSourcesBuildPhase;
			buildActionMask = 2147483647;
			files = (
				2B1CAADD20653602005A193C /* ViewController.swift in Sources */,
				2B1CAADB20653602005A193C /* AppDelegate.swift in Sources */,
			);
			runOnlyForDeploymentPostprocessing = 0;
		};
		2B1CAAE720653602005A193C /* Sources */ = {
			isa = PBXSourcesBuildPhase;
			buildActionMask = 2147483647;
			files = (
				2B1CAAF020653602005A193C /* fiztehradioTests.swift in Sources */,
			);
			runOnlyForDeploymentPostprocessing = 0;
		};
		2B1CAAF220653602005A193C /* Sources */ = {
			isa = PBXSourcesBuildPhase;
			buildActionMask = 2147483647;
			files = (
				2B1CAAFB20653602005A193C /* fiztehradioUITests.swift in Sources */,
			);
			runOnlyForDeploymentPostprocessing = 0;
		};
/* End PBXSourcesBuildPhase section */

/* Begin PBXTargetDependency section */
		2B1CAAED20653602005A193C /* PBXTargetDependency */ = {
			isa = PBXTargetDependency;
			target = 2B1CAAD620653602005A193C /* fiztehradio */;
			targetProxy = 2B1CAAEC20653602005A193C /* PBXContainerItemProxy */;
		};
		2B1CAAF820653602005A193C /* PBXTargetDependency */ = {
			isa = PBXTargetDependency;
			target = 2B1CAAD620653602005A193C /* fiztehradio */;
			targetProxy = 2B1CAAF720653602005A193C /* PBXContainerItemProxy */;
		};
/* End PBXTargetDependency section */

/* Begin PBXVariantGroup section */
		2B1CAADE20653602005A193C /* Main.storyboard */ = {
			isa = PBXVariantGroup;
			children = (
				2B1CAADF20653602005A193C /* Base */,
			);
			name = Main.storyboard;
			sourceTree = "<group>";
		};
		2B1CAAE320653602005A193C /* LaunchScreen.storyboard */ = {
			isa = PBXVariantGroup;
			children = (
				2B1CAAE420653602005A193C /* Base */,
			);
			name = LaunchScreen.storyboard;
			sourceTree = "<group>";
		};
/* End PBXVariantGroup section */

/* Begin XCBuildConfiguration section */
		2B1CAAFD20653602005A193C /* Debug */ = {
			isa = XCBuildConfiguration;
			buildSettings = {
				ALWAYS_SEARCH_USER_PATHS = NO;
				CLANG_ANALYZER_NONNULL = YES;
				CLANG_ANALYZER_NUMBER_OBJECT_CONVERSION = YES_AGGRESSIVE;
				CLANG_CXX_LANGUAGE_STANDARD = "gnu++14";
				CLANG_CXX_LIBRARY = "libc++";
				CLANG_ENABLE_MODULES = YES;
				CLANG_ENABLE_OBJC_ARC = YES;
				CLANG_WARN_BLOCK_CAPTURE_AUTORELEASING = YES;
				CLANG_WARN_BOOL_CONVERSION = YES;
				CLANG_WARN_COMMA = YES;
				CLANG_WARN_CONSTANT_CONVERSION = YES;
				CLANG_WARN_DIRECT_OBJC_ISA_USAGE = YES_ERROR;
				CLANG_WARN_DOCUMENTATION_COMMENTS = YES;
				CLANG_WARN_EMPTY_BODY = YES;
				CLANG_WARN_ENUM_CONVERSION = YES;
				CLANG_WARN_INFINITE_RECURSION = YES;
				CLANG_WARN_INT_CONVERSION = YES;
				CLANG_WARN_NON_LITERAL_NULL_CONVERSION = YES;
				CLANG_WARN_OBJC_LITERAL_CONVERSION = YES;
				CLANG_WARN_OBJC_ROOT_CLASS = YES_ERROR;
				CLANG_WARN_RANGE_LOOP_ANALYSIS = YES;
				CLANG_WARN_STRICT_PROTOTYPES = YES;
				CLANG_WARN_SUSPICIOUS_MOVE = YES;
				CLANG_WARN_UNGUARDED_AVAILABILITY = YES_AGGRESSIVE;
				CLANG_WARN_UNREACHABLE_CODE = YES;
				CLANG_WARN__DUPLICATE_METHOD_MATCH = YES;
				CODE_SIGN_IDENTITY = "iPhone Developer";
				COPY_PHASE_STRIP = NO;
				DEBUG_INFORMATION_FORMAT = dwarf;
				ENABLE_STRICT_OBJC_MSGSEND = YES;
				ENABLE_TESTABILITY = YES;
				GCC_C_LANGUAGE_STANDARD = gnu11;
				GCC_DYNAMIC_NO_PIC = NO;
				GCC_NO_COMMON_BLOCKS = YES;
				GCC_OPTIMIZATION_LEVEL = 0;
				GCC_PREPROCESSOR_DEFINITIONS = (
					"DEBUG=1",
					"$(inherited)",
				);
				GCC_WARN_64_TO_32_BIT_CONVERSION = YES;
				GCC_WARN_ABOUT_RETURN_TYPE = YES_ERROR;
				GCC_WARN_UNDECLARED_SELECTOR = YES;
				GCC_WARN_UNINITIALIZED_AUTOS = YES_AGGRESSIVE;
				GCC_WARN_UNUSED_FUNCTION = YES;
				GCC_WARN_UNUSED_VARIABLE = YES;
				IPHONEOS_DEPLOYMENT_TARGET = 11.2;
				MTL_ENABLE_DEBUG_INFO = YES;
				ONLY_ACTIVE_ARCH = YES;
				SDKROOT = iphoneos;
				SWIFT_ACTIVE_COMPILATION_CONDITIONS = DEBUG;
				SWIFT_OPTIMIZATION_LEVEL = "-Onone";
			};
			name = Debug;
		};
		2B1CAAFE20653602005A193C /* Release */ = {
			isa = XCBuildConfiguration;
			buildSettings = {
				ALWAYS_SEARCH_USER_PATHS = NO;
				CLANG_ANALYZER_NONNULL = YES;
				CLANG_ANALYZER_NUMBER_OBJECT_CONVERSION = YES_AGGRESSIVE;
				CLANG_CXX_LANGUAGE_STANDARD = "gnu++14";
				CLANG_CXX_LIBRARY = "libc++";
				CLANG_ENABLE_MODULES = YES;
				CLANG_ENABLE_OBJC_ARC = YES;
				CLANG_WARN_BLOCK_CAPTURE_AUTORELEASING = YES;
				CLANG_WARN_BOOL_CONVERSION = YES;
				CLANG_WARN_COMMA = YES;
				CLANG_WARN_CONSTANT_CONVERSION = YES;
				CLANG_WARN_DIRECT_OBJC_ISA_USAGE = YES_ERROR;
				CLANG_WARN_DOCUMENTATION_COMMENTS = YES;
				CLANG_WARN_EMPTY_BODY = YES;
				CLANG_WARN_ENUM_CONVERSION = YES;
				CLANG_WARN_INFINITE_RECURSION = YES;
				CLANG_WARN_INT_CONVERSION = YES;
				CLANG_WARN_NON_LITERAL_NULL_CONVERSION = YES;
				CLANG_WARN_OBJC_LITERAL_CONVERSION = YES;
				CLANG_WARN_OBJC_ROOT_CLASS = YES_ERROR;
				CLANG_WARN_RANGE_LOOP_ANALYSIS = YES;
				CLANG_WARN_STRICT_PROTOTYPES = YES;
				CLANG_WARN_SUSPICIOUS_MOVE = YES;
				CLANG_WARN_UNGUARDED_AVAILABILITY = YES_AGGRESSIVE;
				CLANG_WARN_UNREACHABLE_CODE = YES;
				CLANG_WARN__DUPLICATE_METHOD_MATCH = YES;
				CODE_SIGN_IDENTITY = "iPhone Developer";
				COPY_PHASE_STRIP = NO;
				DEBUG_INFORMATION_FORMAT = "dwarf-with-dsym";
				ENABLE_NS_ASSERTIONS = NO;
				ENABLE_STRICT_OBJC_MSGSEND = YES;
				GCC_C_LANGUAGE_STANDARD = gnu11;
				GCC_NO_COMMON_BLOCKS = YES;
				GCC_WARN_64_TO_32_BIT_CONVERSION = YES;
				GCC_WARN_ABOUT_RETURN_TYPE = YES_ERROR;
				GCC_WARN_UNDECLARED_SELECTOR = YES;
				GCC_WARN_UNINITIALIZED_AUTOS = YES_AGGRESSIVE;
				GCC_WARN_UNUSED_FUNCTION = YES;
				GCC_WARN_UNUSED_VARIABLE = YES;
				IPHONEOS_DEPLOYMENT_TARGET = 11.2;
				MTL_ENABLE_DEBUG_INFO = NO;
				SDKROOT = iphoneos;
				SWIFT_OPTIMIZATION_LEVEL = "-Owholemodule";
				VALIDATE_PRODUCT = YES;
			};
			name = Release;
		};
		2B1CAB0020653602005A193C /* Debug */ = {
			isa = XCBuildConfiguration;
			baseConfigurationReference = 80C404853120F4E4EB64CC15 /* Pods-fiztehradio.debug.xcconfig */;
			buildSettings = {
				ASSETCATALOG_COMPILER_APPICON_NAME = AppIcon;
				CODE_SIGN_STYLE = Automatic;
				DEVELOPMENT_TEAM = AE86HBQRXP;
				INFOPLIST_FILE = fiztehradio/Info.plist;
				IPHONEOS_DEPLOYMENT_TARGET = 10.0;
				LD_RUNPATH_SEARCH_PATHS = "$(inherited) @executable_path/Frameworks";
				PRODUCT_BUNDLE_IDENTIFIER = com.caffeinum.fiztehradio;
				PRODUCT_NAME = "$(TARGET_NAME)";
				SWIFT_VERSION = 4.0;
				TARGETED_DEVICE_FAMILY = "1,2";
			};
			name = Debug;
		};
		2B1CAB0120653602005A193C /* Release */ = {
			isa = XCBuildConfiguration;
			baseConfigurationReference = ADC2E8D2F378B39DD2DA16C7 /* Pods-fiztehradio.release.xcconfig */;
			buildSettings = {
				ASSETCATALOG_COMPILER_APPICON_NAME = AppIcon;
				CODE_SIGN_STYLE = Automatic;
				DEVELOPMENT_TEAM = AE86HBQRXP;
				INFOPLIST_FILE = fiztehradio/Info.plist;
				IPHONEOS_DEPLOYMENT_TARGET = 10.0;
				LD_RUNPATH_SEARCH_PATHS = "$(inherited) @executable_path/Frameworks";
				PRODUCT_BUNDLE_IDENTIFIER = com.caffeinum.fiztehradio;
				PRODUCT_NAME = "$(TARGET_NAME)";
				SWIFT_VERSION = 4.0;
				TARGETED_DEVICE_FAMILY = "1,2";
			};
			name = Release;
		};
		2B1CAB0320653602005A193C /* Debug */ = {
			isa = XCBuildConfiguration;
			baseConfigurationReference = 9C17B2634D00EFE5421EFC66 /* Pods-fiztehradioTests.debug.xcconfig */;
			buildSettings = {
				ALWAYS_EMBED_SWIFT_STANDARD_LIBRARIES = YES;
				BUNDLE_LOADER = "$(TEST_HOST)";
				CODE_SIGN_STYLE = Automatic;
				DEVELOPMENT_TEAM = AE86HBQRXP;
				INFOPLIST_FILE = fiztehradioTests/Info.plist;
				LD_RUNPATH_SEARCH_PATHS = "$(inherited) @executable_path/Frameworks @loader_path/Frameworks";
				PRODUCT_BUNDLE_IDENTIFIER = com.caffeinum.fiztehradioTests;
				PRODUCT_NAME = "$(TARGET_NAME)";
				SWIFT_VERSION = 4.0;
				TARGETED_DEVICE_FAMILY = "1,2";
				TEST_HOST = "$(BUILT_PRODUCTS_DIR)/fiztehradio.app/fiztehradio";
			};
			name = Debug;
		};
		2B1CAB0420653602005A193C /* Release */ = {
			isa = XCBuildConfiguration;
			baseConfigurationReference = 7E5DC036ABC60248FD823BC6 /* Pods-fiztehradioTests.release.xcconfig */;
			buildSettings = {
				ALWAYS_EMBED_SWIFT_STANDARD_LIBRARIES = YES;
				BUNDLE_LOADER = "$(TEST_HOST)";
				CODE_SIGN_STYLE = Automatic;
				DEVELOPMENT_TEAM = AE86HBQRXP;
				INFOPLIST_FILE = fiztehradioTests/Info.plist;
				LD_RUNPATH_SEARCH_PATHS = "$(inherited) @executable_path/Frameworks @loader_path/Frameworks";
				PRODUCT_BUNDLE_IDENTIFIER = com.caffeinum.fiztehradioTests;
				PRODUCT_NAME = "$(TARGET_NAME)";
				SWIFT_VERSION = 4.0;
				TARGETED_DEVICE_FAMILY = "1,2";
				TEST_HOST = "$(BUILT_PRODUCTS_DIR)/fiztehradio.app/fiztehradio";
			};
			name = Release;
		};
		2B1CAB0620653602005A193C /* Debug */ = {
			isa = XCBuildConfiguration;
			baseConfigurationReference = 39F622E57672AE7EB901A1DF /* Pods-fiztehradioUITests.debug.xcconfig */;
			buildSettings = {
				ALWAYS_EMBED_SWIFT_STANDARD_LIBRARIES = YES;
				CODE_SIGN_STYLE = Automatic;
				DEVELOPMENT_TEAM = AE86HBQRXP;
				INFOPLIST_FILE = fiztehradioUITests/Info.plist;
				LD_RUNPATH_SEARCH_PATHS = "$(inherited) @executable_path/Frameworks @loader_path/Frameworks";
				PRODUCT_BUNDLE_IDENTIFIER = com.caffeinum.fiztehradioUITests;
				PRODUCT_NAME = "$(TARGET_NAME)";
				SWIFT_VERSION = 4.0;
				TARGETED_DEVICE_FAMILY = "1,2";
				TEST_TARGET_NAME = fiztehradio;
			};
			name = Debug;
		};
		2B1CAB0720653602005A193C /* Release */ = {
			isa = XCBuildConfiguration;
			baseConfigurationReference = 70E509A1577C9A3A9365D046 /* Pods-fiztehradioUITests.release.xcconfig */;
			buildSettings = {
				ALWAYS_EMBED_SWIFT_STANDARD_LIBRARIES = YES;
				CODE_SIGN_STYLE = Automatic;
				DEVELOPMENT_TEAM = AE86HBQRXP;
				INFOPLIST_FILE = fiztehradioUITests/Info.plist;
				LD_RUNPATH_SEARCH_PATHS = "$(inherited) @executable_path/Frameworks @loader_path/Frameworks";
				PRODUCT_BUNDLE_IDENTIFIER = com.caffeinum.fiztehradioUITests;
				PRODUCT_NAME = "$(TARGET_NAME)";
				SWIFT_VERSION = 4.0;
				TARGETED_DEVICE_FAMILY = "1,2";
				TEST_TARGET_NAME = fiztehradio;
			};
			name = Release;
		};
/* End XCBuildConfiguration section */

/* Begin XCConfigurationList section */
		2B1CAAD220653601005A193C /* Build configuration list for PBXProject "fiztehradio" */ = {
			isa = XCConfigurationList;
			buildConfigurations = (
				2B1CAAFD20653602005A193C /* Debug */,
				2B1CAAFE20653602005A193C /* Release */,
			);
			defaultConfigurationIsVisible = 0;
			defaultConfigurationName = Release;
		};
		2B1CAAFF20653602005A193C /* Build configuration list for PBXNativeTarget "fiztehradio" */ = {
			isa = XCConfigurationList;
			buildConfigurations = (
				2B1CAB0020653602005A193C /* Debug */,
				2B1CAB0120653602005A193C /* Release */,
			);
			defaultConfigurationIsVisible = 0;
			defaultConfigurationName = Release;
		};
		2B1CAB0220653602005A193C /* Build configuration list for PBXNativeTarget "fiztehradioTests" */ = {
			isa = XCConfigurationList;
			buildConfigurations = (
				2B1CAB0320653602005A193C /* Debug */,
				2B1CAB0420653602005A193C /* Release */,
			);
			defaultConfigurationIsVisible = 0;
			defaultConfigurationName = Release;
		};
		2B1CAB0520653602005A193C /* Build configuration list for PBXNativeTarget "fiztehradioUITests" */ = {
			isa = XCConfigurationList;
			buildConfigurations = (
				2B1CAB0620653602005A193C /* Debug */,
				2B1CAB0720653602005A193C /* Release */,
			);
			defaultConfigurationIsVisible = 0;
			defaultConfigurationName = Release;
		};
/* End XCConfigurationList section */
	};
	rootObject = 2B1CAACF20653601005A193C /* Project object */;
}
