// !$*UTF8*$!
{
	archiveVersion = 1;
	classes = {
	};
	objectVersion = 48;
	objects = {

/* Begin PBXBuildFile section */
		2B18014D206AF33D00BE26C1 /* SnapshotHelper.swift in Sources */ = {isa = PBXBuildFile; fileRef = 2B18014C206AF33D00BE26C1 /* SnapshotHelper.swift */; };
		2B180155206BBB3300BE26C1 /* NotificationService.swift in Sources */ = {isa = PBXBuildFile; fileRef = 2B180154206BBB3300BE26C1 /* NotificationService.swift */; };
		2B180159206BBB3300BE26C1 /* OneSignalNotificationServiceExtension.appex in Embed App Extensions */ = {isa = PBXBuildFile; fileRef = 2B180152206BBB3300BE26C1 /* OneSignalNotificationServiceExtension.appex */; settings = {ATTRIBUTES = (RemoveHeadersOnCopy, ); }; };
		2B1CAADB20653602005A193C /* AppDelegate.swift in Sources */ = {isa = PBXBuildFile; fileRef = 2B1CAADA20653602005A193C /* AppDelegate.swift */; };
		2B1CAADD20653602005A193C /* ViewController.swift in Sources */ = {isa = PBXBuildFile; fileRef = 2B1CAADC20653602005A193C /* ViewController.swift */; };
		2B1CAAE020653602005A193C /* Main.storyboard in Resources */ = {isa = PBXBuildFile; fileRef = 2B1CAADE20653602005A193C /* Main.storyboard */; };
		2B1CAAE220653602005A193C /* Assets.xcassets in Resources */ = {isa = PBXBuildFile; fileRef = 2B1CAAE120653602005A193C /* Assets.xcassets */; };
		2B1CAAE520653602005A193C /* LaunchScreen.storyboard in Resources */ = {isa = PBXBuildFile; fileRef = 2B1CAAE320653602005A193C /* LaunchScreen.storyboard */; };
		2B1CAAF020653602005A193C /* fiztehradioTests.swift in Sources */ = {isa = PBXBuildFile; fileRef = 2B1CAAEF20653602005A193C /* fiztehradioTests.swift */; };
		2B1CAAFB20653602005A193C /* fiztehradioUITests.swift in Sources */ = {isa = PBXBuildFile; fileRef = 2B1CAAFA20653602005A193C /* fiztehradioUITests.swift */; };
		7BEED8E82A0FFC3DFDD7E4A0 /* Pods_fiztehradio.framework in Frameworks */ = {isa = PBXBuildFile; fileRef = B413F7A1CF9E058F0C18D24E /* Pods_fiztehradio.framework */; };
		AE47F819EAB02697DCB8FE50 /* Pods_fiztehradioTests.framework in Frameworks */ = {isa = PBXBuildFile; fileRef = B14FC7FE5707491A2249983D /* Pods_fiztehradioTests.framework */; };
		D03831C2DB1E380A4A640820 /* Pods_fiztehradioUITests.framework in Frameworks */ = {isa = PBXBuildFile; fileRef = 2FCF861E44181AB654BCE74A /* Pods_fiztehradioUITests.framework */; };
		D62A1D12424E7BED0A2AC195 /* Pods_OneSignalNotificationServiceExtension.framework in Frameworks */ = {isa = PBXBuildFile; fileRef = 6564018740967E5E81EE4DF5 /* Pods_OneSignalNotificationServiceExtension.framework */; };
/* End PBXBuildFile section */

/* Begin PBXContainerItemProxy section */
		2B180157206BBB3300BE26C1 /* PBXContainerItemProxy */ = {
			isa = PBXContainerItemProxy;
			containerPortal = 2B1CAACF20653601005A193C /* Project object */;
			proxyType = 1;
			remoteGlobalIDString = 2B180151206BBB3300BE26C1;
			remoteInfo = OneSignalNotificationServiceExtension;
		};
		2B1CAAEC20653602005A193C /* PBXContainerItemProxy */ = {
			isa = PBXContainerItemProxy;
			containerPortal = 2B1CAACF20653601005A193C /* Project object */;
			proxyType = 1;
			remoteGlobalIDString = 2B1CAAD620653602005A193C;
			remoteInfo = fiztehradio;
		};
		2B1CAAF720653602005A193C /* PBXContainerItemProxy */ = {
			isa = PBXContainerItemProxy;
			containerPortal = 2B1CAACF20653601005A193C /* Project object */;
			proxyType = 1;
			remoteGlobalIDString = 2B1CAAD620653602005A193C;
			remoteInfo = fiztehradio;
		};
/* End PBXContainerItemProxy section */

/* Begin PBXCopyFilesBuildPhase section */
		2B18015D206BBB3300BE26C1 /* Embed App Extensions */ = {
			isa = PBXCopyFilesBuildPhase;
			buildActionMask = 2147483647;
			dstPath = "";
			dstSubfolderSpec = 13;
			files = (
				2B180159206BBB3300BE26C1 /* OneSignalNotificationServiceExtension.appex in Embed App Extensions */,
			);
			name = "Embed App Extensions";
			runOnlyForDeploymentPostprocessing = 0;
		};
/* End PBXCopyFilesBuildPhase section */

/* Begin PBXFileReference section */
		2B18014C206AF33D00BE26C1 /* SnapshotHelper.swift */ = {isa = PBXFileReference; fileEncoding = 4; lastKnownFileType = sourcecode.swift; path = SnapshotHelper.swift; sourceTree = SOURCE_ROOT; };
		2B180152206BBB3300BE26C1 /* OneSignalNotificationServiceExtension.appex */ = {isa = PBXFileReference; explicitFileType = "wrapper.app-extension"; includeInIndex = 0; path = OneSignalNotificationServiceExtension.appex; sourceTree = BUILT_PRODUCTS_DIR; };
		2B180154206BBB3300BE26C1 /* NotificationService.swift */ = {isa = PBXFileReference; lastKnownFileType = sourcecode.swift; path = NotificationService.swift; sourceTree = "<group>"; };
		2B180156206BBB3300BE26C1 /* Info.plist */ = {isa = PBXFileReference; lastKnownFileType = text.plist.xml; path = Info.plist; sourceTree = "<group>"; };
		2B18015E206BBC8200BE26C1 /* fiztehradio.entitlements */ = {isa = PBXFileReference; lastKnownFileType = text.plist.entitlements; path = fiztehradio.entitlements; sourceTree = "<group>"; };
		2B1CAAD720653602005A193C /* fiztehradio.app */ = {isa = PBXFileReference; explicitFileType = wrapper.application; includeInIndex = 0; path = fiztehradio.app; sourceTree = BUILT_PRODUCTS_DIR; };
		2B1CAADA20653602005A193C /* AppDelegate.swift */ = {isa = PBXFileReference; lastKnownFileType = sourcecode.swift; path = AppDelegate.swift; sourceTree = "<group>"; };
		2B1CAADC20653602005A193C /* ViewController.swift */ = {isa = PBXFileReference; lastKnownFileType = sourcecode.swift; path = ViewController.swift; sourceTree = "<group>"; };
		2B1CAADF20653602005A193C /* Base */ = {isa = PBXFileReference; lastKnownFileType = file.storyboard; name = Base; path = Base.lproj/Main.storyboard; sourceTree = "<group>"; };
		2B1CAAE120653602005A193C /* Assets.xcassets */ = {isa = PBXFileReference; lastKnownFileType = folder.assetcatalog; path = Assets.xcassets; sourceTree = "<group>"; };
		2B1CAAE420653602005A193C /* Base */ = {isa = PBXFileReference; lastKnownFileType = file.storyboard; name = Base; path = Base.lproj/LaunchScreen.storyboard; sourceTree = "<group>"; };
		2B1CAAE620653602005A193C /* Info.plist */ = {isa = PBXFileReference; lastKnownFileType = text.plist.xml; path = Info.plist; sourceTree = "<group>"; };
		2B1CAAEB20653602005A193C /* fiztehradioTests.xctest */ = {isa = PBXFileReference; explicitFileType = wrapper.cfbundle; includeInIndex = 0; path = fiztehradioTests.xctest; sourceTree = BUILT_PRODUCTS_DIR; };
		2B1CAAEF20653602005A193C /* fiztehradioTests.swift */ = {isa = PBXFileReference; lastKnownFileType = sourcecode.swift; path = fiztehradioTests.swift; sourceTree = "<group>"; };
		2B1CAAF120653602005A193C /* Info.plist */ = {isa = PBXFileReference; lastKnownFileType = text.plist.xml; path = Info.plist; sourceTree = "<group>"; };
		2B1CAAF620653602005A193C /* fiztehradioUITests.xctest */ = {isa = PBXFileReference; explicitFileType = wrapper.cfbundle; includeInIndex = 0; path = fiztehradioUITests.xctest; sourceTree = BUILT_PRODUCTS_DIR; };
		2B1CAAFA20653602005A193C /* fiztehradioUITests.swift */ = {isa = PBXFileReference; lastKnownFileType = sourcecode.swift; path = fiztehradioUITests.swift; sourceTree = "<group>"; };
		2B1CAAFC20653602005A193C /* Info.plist */ = {isa = PBXFileReference; lastKnownFileType = text.plist.xml; path = Info.plist; sourceTree = "<group>"; };
		2FCF861E44181AB654BCE74A /* Pods_fiztehradioUITests.framework */ = {isa = PBXFileReference; explicitFileType = wrapper.framework; includeInIndex = 0; path = Pods_fiztehradioUITests.framework; sourceTree = BUILT_PRODUCTS_DIR; };
		39F622E57672AE7EB901A1DF /* Pods-fiztehradioUITests.debug.xcconfig */ = {isa = PBXFileReference; includeInIndex = 1; lastKnownFileType = text.xcconfig; name = "Pods-fiztehradioUITests.debug.xcconfig"; path = "Pods/Target Support Files/Pods-fiztehradioUITests/Pods-fiztehradioUITests.debug.xcconfig"; sourceTree = "<group>"; };
		41ED6A0D4FB73F1F1FA33E0E /* Pods-OneSignalNotificationServiceExtension.release.xcconfig */ = {isa = PBXFileReference; includeInIndex = 1; lastKnownFileType = text.xcconfig; name = "Pods-OneSignalNotificationServiceExtension.release.xcconfig"; path = "Pods/Target Support Files/Pods-OneSignalNotificationServiceExtension/Pods-OneSignalNotificationServiceExtension.release.xcconfig"; sourceTree = "<group>"; };
		6564018740967E5E81EE4DF5 /* Pods_OneSignalNotificationServiceExtension.framework */ = {isa = PBXFileReference; explicitFileType = wrapper.framework; includeInIndex = 0; path = Pods_OneSignalNotificationServiceExtension.framework; sourceTree = BUILT_PRODUCTS_DIR; };
		70E509A1577C9A3A9365D046 /* Pods-fiztehradioUITests.release.xcconfig */ = {isa = PBXFileReference; includeInIndex = 1; lastKnownFileType = text.xcconfig; name = "Pods-fiztehradioUITests.release.xcconfig"; path = "Pods/Target Support Files/Pods-fiztehradioUITests/Pods-fiztehradioUITests.release.xcconfig"; sourceTree = "<group>"; };
		7E5DC036ABC60248FD823BC6 /* Pods-fiztehradioTests.release.xcconfig */ = {isa = PBXFileReference; includeInIndex = 1; lastKnownFileType = text.xcconfig; name = "Pods-fiztehradioTests.release.xcconfig"; path = "Pods/Target Support Files/Pods-fiztehradioTests/Pods-fiztehradioTests.release.xcconfig"; sourceTree = "<group>"; };
		80C404853120F4E4EB64CC15 /* Pods-fiztehradio.debug.xcconfig */ = {isa = PBXFileReference; includeInIndex = 1; lastKnownFileType = text.xcconfig; name = "Pods-fiztehradio.debug.xcconfig"; path = "Pods/Target Support Files/Pods-fiztehradio/Pods-fiztehradio.debug.xcconfig"; sourceTree = "<group>"; };
		9C17B2634D00EFE5421EFC66 /* Pods-fiztehradioTests.debug.xcconfig */ = {isa = PBXFileReference; includeInIndex = 1; lastKnownFileType = text.xcconfig; name = "Pods-fiztehradioTests.debug.xcconfig"; path = "Pods/Target Support Files/Pods-fiztehradioTests/Pods-fiztehradioTests.debug.xcconfig"; sourceTree = "<group>"; };
		ADC2E8D2F378B39DD2DA16C7 /* Pods-fiztehradio.release.xcconfig */ = {isa = PBXFileReference; includeInIndex = 1; lastKnownFileType = text.xcconfig; name = "Pods-fiztehradio.release.xcconfig"; path = "Pods/Target Support Files/Pods-fiztehradio/Pods-fiztehradio.release.xcconfig"; sourceTree = "<group>"; };
		B14FC7FE5707491A2249983D /* Pods_fiztehradioTests.framework */ = {isa = PBXFileReference; explicitFileType = wrapper.framework; includeInIndex = 0; path = Pods_fiztehradioTests.framework; sourceTree = BUILT_PRODUCTS_DIR; };
		B413F7A1CF9E058F0C18D24E /* Pods_fiztehradio.framework */ = {isa = PBXFileReference; explicitFileType = wrapper.framework; includeInIndex = 0; path = Pods_fiztehradio.framework; sourceTree = BUILT_PRODUCTS_DIR; };
		BFA526985CFEB1B2BB8D2EC9 /* Pods-OneSignalNotificationServiceExtension.debug.xcconfig */ = {isa = PBXFileReference; includeInIndex = 1; lastKnownFileType = text.xcconfig; name = "Pods-OneSignalNotificationServiceExtension.debug.xcconfig"; path = "Pods/Target Support Files/Pods-OneSignalNotificationServiceExtension/Pods-OneSignalNotificationServiceExtension.debug.xcconfig"; sourceTree = "<group>"; };
/* End PBXFileReference section */

/* Begin PBXFrameworksBuildPhase section */
		2B18014F206BBB3300BE26C1 /* Frameworks */ = {
			isa = PBXFrameworksBuildPhase;
			buildActionMask = 2147483647;
			files = (
				D62A1D12424E7BED0A2AC195 /* Pods_OneSignalNotificationServiceExtension.framework in Frameworks */,
			);
			runOnlyForDeploymentPostprocessing = 0;
		};
		2B1CAAD420653602005A193C /* Frameworks */ = {
			isa = PBXFrameworksBuildPhase;
			buildActionMask = 2147483647;
			files = (
				7BEED8E82A0FFC3DFDD7E4A0 /* Pods_fiztehradio.framework in Frameworks */,
			);
			runOnlyForDeploymentPostprocessing = 0;
		};
		2B1CAAE820653602005A193C /* Frameworks */ = {
			isa = PBXFrameworksBuildPhase;
			buildActionMask = 2147483647;
			files = (
				AE47F819EAB02697DCB8FE50 /* Pods_fiztehradioTests.framework in Frameworks */,
			);
			runOnlyForDeploymentPostprocessing = 0;
		};
		2B1CAAF320653602005A193C /* Frameworks */ = {
			isa = PBXFrameworksBuildPhase;
			buildActionMask = 2147483647;
			files = (
				D03831C2DB1E380A4A640820 /* Pods_fiztehradioUITests.framework in Frameworks */,
			);
			runOnlyForDeploymentPostprocessing = 0;
		};
/* End PBXFrameworksBuildPhase section */

/* Begin PBXGroup section */
		2B180153206BBB3300BE26C1 /* OneSignalNotificationServiceExtension */ = {
			isa = PBXGroup;
			children = (
				2B180154206BBB3300BE26C1 /* NotificationService.swift */,
				2B180156206BBB3300BE26C1 /* Info.plist */,
			);
			path = OneSignalNotificationServiceExtension;
			sourceTree = "<group>";
		};
		2B1CAACE20653601005A193C = {
			isa = PBXGroup;
			children = (
				2B1CAAD920653602005A193C /* fiztehradio */,
				2B1CAAEE20653602005A193C /* fiztehradioTests */,
				2B1CAAF920653602005A193C /* fiztehradioUITests */,
				2B180153206BBB3300BE26C1 /* OneSignalNotificationServiceExtension */,
				2B1CAAD820653602005A193C /* Products */,
				B5AEE631F8656B5464256D95 /* Pods */,
				8CDAE41B92011D1B37E5BD60 /* Frameworks */,
			);
			sourceTree = "<group>";
		};
		2B1CAAD820653602005A193C /* Products */ = {
			isa = PBXGroup;
			children = (
				2B1CAAD720653602005A193C /* fiztehradio.app */,
				2B1CAAEB20653602005A193C /* fiztehradioTests.xctest */,
				2B1CAAF620653602005A193C /* fiztehradioUITests.xctest */,
				2B180152206BBB3300BE26C1 /* OneSignalNotificationServiceExtension.appex */,
			);
			name = Products;
			sourceTree = "<group>";
		};
		2B1CAAD920653602005A193C /* fiztehradio */ = {
			isa = PBXGroup;
			children = (
				2B18015E206BBC8200BE26C1 /* fiztehradio.entitlements */,
				2B1CAADA20653602005A193C /* AppDelegate.swift */,
				2B1CAADC20653602005A193C /* ViewController.swift */,
				2B1CAADE20653602005A193C /* Main.storyboard */,
				2B1CAAE120653602005A193C /* Assets.xcassets */,
				2B1CAAE320653602005A193C /* LaunchScreen.storyboard */,
				2B1CAAE620653602005A193C /* Info.plist */,
			);
			path = fiztehradio;
			sourceTree = "<group>";
		};
		2B1CAAEE20653602005A193C /* fiztehradioTests */ = {
			isa = PBXGroup;
			children = (
				2B1CAAEF20653602005A193C /* fiztehradioTests.swift */,
				2B1CAAF120653602005A193C /* Info.plist */,
			);
			path = fiztehradioTests;
			sourceTree = "<group>";
		};
		2B1CAAF920653602005A193C /* fiztehradioUITests */ = {
			isa = PBXGroup;
			children = (
				2B1CAAFA20653602005A193C /* fiztehradioUITests.swift */,
				2B18014C206AF33D00BE26C1 /* SnapshotHelper.swift */,
				2B1CAAFC20653602005A193C /* Info.plist */,
			);
			path = fiztehradioUITests;
			sourceTree = "<group>";
		};
		8CDAE41B92011D1B37E5BD60 /* Frameworks */ = {
			isa = PBXGroup;
			children = (
				B413F7A1CF9E058F0C18D24E /* Pods_fiztehradio.framework */,
				B14FC7FE5707491A2249983D /* Pods_fiztehradioTests.framework */,
				2FCF861E44181AB654BCE74A /* Pods_fiztehradioUITests.framework */,
				6564018740967E5E81EE4DF5 /* Pods_OneSignalNotificationServiceExtension.framework */,
			);
			name = Frameworks;
			sourceTree = "<group>";
		};
		B5AEE631F8656B5464256D95 /* Pods */ = {
			isa = PBXGroup;
			children = (
				80C404853120F4E4EB64CC15 /* Pods-fiztehradio.debug.xcconfig */,
				ADC2E8D2F378B39DD2DA16C7 /* Pods-fiztehradio.release.xcconfig */,
				9C17B2634D00EFE5421EFC66 /* Pods-fiztehradioTests.debug.xcconfig */,
				7E5DC036ABC60248FD823BC6 /* Pods-fiztehradioTests.release.xcconfig */,
				39F622E57672AE7EB901A1DF /* Pods-fiztehradioUITests.debug.xcconfig */,
				70E509A1577C9A3A9365D046 /* Pods-fiztehradioUITests.release.xcconfig */,
				BFA526985CFEB1B2BB8D2EC9 /* Pods-OneSignalNotificationServiceExtension.debug.xcconfig */,
				41ED6A0D4FB73F1F1FA33E0E /* Pods-OneSignalNotificationServiceExtension.release.xcconfig */,
			);
			name = Pods;
			sourceTree = "<group>";
		};
/* End PBXGroup section */

/* Begin PBXNativeTarget section */
		2B180151206BBB3300BE26C1 /* OneSignalNotificationServiceExtension */ = {
			isa = PBXNativeTarget;
			buildConfigurationList = 2B18015C206BBB3300BE26C1 /* Build configuration list for PBXNativeTarget "OneSignalNotificationServiceExtension" */;
			buildPhases = (
				DB16E552265A6188BF873540 /* [CP] Check Pods Manifest.lock */,
				2B18014E206BBB3300BE26C1 /* Sources */,
				2B18014F206BBB3300BE26C1 /* Frameworks */,
				2B180150206BBB3300BE26C1 /* Resources */,
			);
			buildRules = (
			);
			dependencies = (
			);
			name = OneSignalNotificationServiceExtension;
			productName = OneSignalNotificationServiceExtension;
			productReference = 2B180152206BBB3300BE26C1 /* OneSignalNotificationServiceExtension.appex */;
			productType = "com.apple.product-type.app-extension";
		};
		2B1CAAD620653602005A193C /* fiztehradio */ = {
			isa = PBXNativeTarget;
			buildConfigurationList = 2B1CAAFF20653602005A193C /* Build configuration list for PBXNativeTarget "fiztehradio" */;
			buildPhases = (
				BF72258F5FE83FD367131C37 /* [CP] Check Pods Manifest.lock */,
				2B1CAAD320653602005A193C /* Sources */,
				2B1CAAD420653602005A193C /* Frameworks */,
				2B1CAAD520653602005A193C /* Resources */,
				8701C1703F1972296B6BF29B /* [CP] Embed Pods Frameworks */,
				2B18015D206BBB3300BE26C1 /* Embed App Extensions */,
			);
			buildRules = (
			);
			dependencies = (
				2B180158206BBB3300BE26C1 /* PBXTargetDependency */,
			);
			name = fiztehradio;
			productName = fiztehradio;
			productReference = 2B1CAAD720653602005A193C /* fiztehradio.app */;
			productType = "com.apple.product-type.application";
		};
		2B1CAAEA20653602005A193C /* fiztehradioTests */ = {
			isa = PBXNativeTarget;
			buildConfigurationList = 2B1CAB0220653602005A193C /* Build configuration list for PBXNativeTarget "fiztehradioTests" */;
			buildPhases = (
				197AEFB10EBD17F8E83BE003 /* [CP] Check Pods Manifest.lock */,
				2B1CAAE720653602005A193C /* Sources */,
				2B1CAAE820653602005A193C /* Frameworks */,
				2B1CAAE920653602005A193C /* Resources */,
			);
			buildRules = (
			);
			dependencies = (
				2B1CAAED20653602005A193C /* PBXTargetDependency */,
			);
			name = fiztehradioTests;
			productName = fiztehradioTests;
			productReference = 2B1CAAEB20653602005A193C /* fiztehradioTests.xctest */;
			productType = "com.apple.product-type.bundle.unit-test";
		};
		2B1CAAF520653602005A193C /* fiztehradioUITests */ = {
			isa = PBXNativeTarget;
			buildConfigurationList = 2B1CAB0520653602005A193C /* Build configuration list for PBXNativeTarget "fiztehradioUITests" */;
			buildPhases = (
				2827577BE28EBA4215BCB099 /* [CP] Check Pods Manifest.lock */,
				2B1CAAF220653602005A193C /* Sources */,
				2B1CAAF320653602005A193C /* Frameworks */,
				2B1CAAF420653602005A193C /* Resources */,
			);
			buildRules = (
			);
			dependencies = (
				2B1CAAF820653602005A193C /* PBXTargetDependency */,
			);
			name = fiztehradioUITests;
			productName = fiztehradioUITests;
			productReference = 2B1CAAF620653602005A193C /* fiztehradioUITests.xctest */;
			productType = "com.apple.product-type.bundle.ui-testing";
		};
/* End PBXNativeTarget section */

/* Begin PBXProject section */
		2B1CAACF20653601005A193C /* Project object */ = {
			isa = PBXProject;
			attributes = {
				LastSwiftUpdateCheck = 0920;
				LastUpgradeCheck = 0920;
				ORGANIZATIONNAME = caffeinum;
				TargetAttributes = {
					2B180151206BBB3300BE26C1 = {
						CreatedOnToolsVersion = 9.2;
						ProvisioningStyle = Automatic;
					};
					2B1CAAD620653602005A193C = {
						CreatedOnToolsVersion = 9.2;
						ProvisioningStyle = Automatic;
						SystemCapabilities = {
							com.apple.Push = {
								enabled = 1;
							};
						};
					};
					2B1CAAEA20653602005A193C = {
						CreatedOnToolsVersion = 9.2;
						ProvisioningStyle = Automatic;
						TestTargetID = 2B1CAAD620653602005A193C;
					};
					2B1CAAF520653602005A193C = {
						CreatedOnToolsVersion = 9.2;
						ProvisioningStyle = Automatic;
						TestTargetID = 2B1CAAD620653602005A193C;
					};
				};
			};
			buildConfigurationList = 2B1CAAD220653601005A193C /* Build configuration list for PBXProject "fiztehradio" */;
			compatibilityVersion = "Xcode 8.0";
			developmentRegion = en;
			hasScannedForEncodings = 0;
			knownRegions = (
				en,
				Base,
			);
			mainGroup = 2B1CAACE20653601005A193C;
			productRefGroup = 2B1CAAD820653602005A193C /* Products */;
			projectDirPath = "";
			projectRoot = "";
			targets = (
				2B1CAAD620653602005A193C /* fiztehradio */,
				2B1CAAEA20653602005A193C /* fiztehradioTests */,
				2B1CAAF520653602005A193C /* fiztehradioUITests */,
				2B180151206BBB3300BE26C1 /* OneSignalNotificationServiceExtension */,
			);
		};
/* End PBXProject section */

/* Begin PBXResourcesBuildPhase section */
		2B180150206BBB3300BE26C1 /* Resources */ = {
			isa = PBXResourcesBuildPhase;
			buildActionMask = 2147483647;
			files = (
			);
			runOnlyForDeploymentPostprocessing = 0;
		};
		2B1CAAD520653602005A193C /* Resources */ = {
			isa = PBXResourcesBuildPhase;
			buildActionMask = 2147483647;
			files = (
				2B1CAAE520653602005A193C /* LaunchScreen.storyboard in Resources */,
				2B1CAAE220653602005A193C /* Assets.xcassets in Resources */,
				2B1CAAE020653602005A193C /* Main.storyboard in Resources */,
			);
			runOnlyForDeploymentPostprocessing = 0;
		};
		2B1CAAE920653602005A193C /* Resources */ = {
			isa = PBXResourcesBuildPhase;
			buildActionMask = 2147483647;
			files = (
			);
			runOnlyForDeploymentPostprocessing = 0;
		};
		2B1CAAF420653602005A193C /* Resources */ = {
			isa = PBXResourcesBuildPhase;
			buildActionMask = 2147483647;
			files = (
			);
			runOnlyForDeploymentPostprocessing = 0;
		};
/* End PBXResourcesBuildPhase section */

/* Begin PBXShellScriptBuildPhase section */
		197AEFB10EBD17F8E83BE003 /* [CP] Check Pods Manifest.lock */ = {
			isa = PBXShellScriptBuildPhase;
			buildActionMask = 2147483647;
			files = (
			);
			inputPaths = (
				"${PODS_PODFILE_DIR_PATH}/Podfile.lock",
				"${PODS_ROOT}/Manifest.lock",
			);
			name = "[CP] Check Pods Manifest.lock";
			outputPaths = (
				"$(DERIVED_FILE_DIR)/Pods-fiztehradioTests-checkManifestLockResult.txt",
			);
			runOnlyForDeploymentPostprocessing = 0;
			shellPath = /bin/sh;
			shellScript = "diff \"${PODS_PODFILE_DIR_PATH}/Podfile.lock\" \"${PODS_ROOT}/Manifest.lock\" > /dev/null\nif [ $? != 0 ] ; then\n    # print error to STDERR\n    echo \"error: The sandbox is not in sync with the Podfile.lock. Run 'pod install' or update your CocoaPods installation.\" >&2\n    exit 1\nfi\n# This output is used by Xcode 'outputs' to avoid re-running this script phase.\necho \"SUCCESS\" > \"${SCRIPT_OUTPUT_FILE_0}\"\n";
			showEnvVarsInLog = 0;
		};
		2827577BE28EBA4215BCB099 /* [CP] Check Pods Manifest.lock */ = {
			isa = PBXShellScriptBuildPhase;
			buildActionMask = 2147483647;
			files = (
			);
			inputPaths = (
				"${PODS_PODFILE_DIR_PATH}/Podfile.lock",
				"${PODS_ROOT}/Manifest.lock",
			);
			name = "[CP] Check Pods Manifest.lock";
			outputPaths = (
				"$(DERIVED_FILE_DIR)/Pods-fiztehradioUITests-checkManifestLockResult.txt",
			);
			runOnlyForDeploymentPostprocessing = 0;
			shellPath = /bin/sh;
			shellScript = "diff \"${PODS_PODFILE_DIR_PATH}/Podfile.lock\" \"${PODS_ROOT}/Manifest.lock\" > /dev/null\nif [ $? != 0 ] ; then\n    # print error to STDERR\n    echo \"error: The sandbox is not in sync with the Podfile.lock. Run 'pod install' or update your CocoaPods installation.\" >&2\n    exit 1\nfi\n# This output is used by Xcode 'outputs' to avoid re-running this script phase.\necho \"SUCCESS\" > \"${SCRIPT_OUTPUT_FILE_0}\"\n";
			showEnvVarsInLog = 0;
		};
		8701C1703F1972296B6BF29B /* [CP] Embed Pods Frameworks */ = {
			isa = PBXShellScriptBuildPhase;
			buildActionMask = 2147483647;
			files = (
			);
			inputPaths = (
				"${SRCROOT}/Pods/Target Support Files/Pods-fiztehradio/Pods-fiztehradio-frameworks.sh",
				"${BUILT_PRODUCTS_DIR}/FRadioPlayer/FRadioPlayer.framework",
			);
			name = "[CP] Embed Pods Frameworks";
			outputPaths = (
				"${TARGET_BUILD_DIR}/${FRAMEWORKS_FOLDER_PATH}/FRadioPlayer.framework",
			);
			runOnlyForDeploymentPostprocessing = 0;
			shellPath = /bin/sh;
			shellScript = "\"${SRCROOT}/Pods/Target Support Files/Pods-fiztehradio/Pods-fiztehradio-frameworks.sh\"\n";
			showEnvVarsInLog = 0;
		};
		BF72258F5FE83FD367131C37 /* [CP] Check Pods Manifest.lock */ = {
			isa = PBXShellScriptBuildPhase;
			buildActionMask = 2147483647;
			files = (
			);
			inputPaths = (
				"${PODS_PODFILE_DIR_PATH}/Podfile.lock",
				"${PODS_ROOT}/Manifest.lock",
			);
			name = "[CP] Check Pods Manifest.lock";
			outputPaths = (
				"$(DERIVED_FILE_DIR)/Pods-fiztehradio-checkManifestLockResult.txt",
			);
			runOnlyForDeploymentPostprocessing = 0;
			shellPath = /bin/sh;
			shellScript = "diff \"${PODS_PODFILE_DIR_PATH}/Podfile.lock\" \"${PODS_ROOT}/Manifest.lock\" > /dev/null\nif [ $? != 0 ] ; then\n    # print error to STDERR\n    echo \"error: The sandbox is not in sync with the Podfile.lock. Run 'pod install' or update your CocoaPods installation.\" >&2\n    exit 1\nfi\n# This output is used by Xcode 'outputs' to avoid re-running this script phase.\necho \"SUCCESS\" > \"${SCRIPT_OUTPUT_FILE_0}\"\n";
			showEnvVarsInLog = 0;
		};
		DB16E552265A6188BF873540 /* [CP] Check Pods Manifest.lock */ = {
			isa = PBXShellScriptBuildPhase;
			buildActionMask = 2147483647;
			files = (
			);
			inputPaths = (
				"${PODS_PODFILE_DIR_PATH}/Podfile.lock",
				"${PODS_ROOT}/Manifest.lock",
			);
			name = "[CP] Check Pods Manifest.lock";
			outputPaths = (
				"$(DERIVED_FILE_DIR)/Pods-OneSignalNotificationServiceExtension-checkManifestLockResult.txt",
			);
			runOnlyForDeploymentPostprocessing = 0;
			shellPath = /bin/sh;
			shellScript = "diff \"${PODS_PODFILE_DIR_PATH}/Podfile.lock\" \"${PODS_ROOT}/Manifest.lock\" > /dev/null\nif [ $? != 0 ] ; then\n    # print error to STDERR\n    echo \"error: The sandbox is not in sync with the Podfile.lock. Run 'pod install' or update your CocoaPods installation.\" >&2\n    exit 1\nfi\n# This output is used by Xcode 'outputs' to avoid re-running this script phase.\necho \"SUCCESS\" > \"${SCRIPT_OUTPUT_FILE_0}\"\n";
			showEnvVarsInLog = 0;
		};
/* End PBXShellScriptBuildPhase section */

/* Begin PBXSourcesBuildPhase section */
		2B18014E206BBB3300BE26C1 /* Sources */ = {
			isa = PBXSourcesBuildPhase;
			buildActionMask = 2147483647;
			files = (
				2B180155206BBB3300BE26C1 /* NotificationService.swift in Sources */,
			);
			runOnlyForDeploymentPostprocessing = 0;
		};
		2B1CAAD320653602005A193C /* Sources */ = {
			isa = PBXSourcesBuildPhase;
			buildActionMask = 2147483647;
			files = (
				2B1CAADD20653602005A193C /* ViewController.swift in Sources */,
				2B1CAADB20653602005A193C /* AppDelegate.swift in Sources */,
			);
			runOnlyForDeploymentPostprocessing = 0;
		};
		2B1CAAE720653602005A193C /* Sources */ = {
			isa = PBXSourcesBuildPhase;
			buildActionMask = 2147483647;
			files = (
				2B1CAAF020653602005A193C /* fiztehradioTests.swift in Sources */,
			);
			runOnlyForDeploymentPostprocessing = 0;
		};
		2B1CAAF220653602005A193C /* Sources */ = {
			isa = PBXSourcesBuildPhase;
			buildActionMask = 2147483647;
			files = (
				2B1CAAFB20653602005A193C /* fiztehradioUITests.swift in Sources */,
				2B18014D206AF33D00BE26C1 /* SnapshotHelper.swift in Sources */,
			);
			runOnlyForDeploymentPostprocessing = 0;
		};
/* End PBXSourcesBuildPhase section */

/* Begin PBXTargetDependency section */
		2B180158206BBB3300BE26C1 /* PBXTargetDependency */ = {
			isa = PBXTargetDependency;
			target = 2B180151206BBB3300BE26C1 /* OneSignalNotificationServiceExtension */;
			targetProxy = 2B180157206BBB3300BE26C1 /* PBXContainerItemProxy */;
		};
		2B1CAAED20653602005A193C /* PBXTargetDependency */ = {
			isa = PBXTargetDependency;
			target = 2B1CAAD620653602005A193C /* fiztehradio */;
			targetProxy = 2B1CAAEC20653602005A193C /* PBXContainerItemProxy */;
		};
		2B1CAAF820653602005A193C /* PBXTargetDependency */ = {
			isa = PBXTargetDependency;
			target = 2B1CAAD620653602005A193C /* fiztehradio */;
			targetProxy = 2B1CAAF720653602005A193C /* PBXContainerItemProxy */;
		};
/* End PBXTargetDependency section */

/* Begin PBXVariantGroup section */
		2B1CAADE20653602005A193C /* Main.storyboard */ = {
			isa = PBXVariantGroup;
			children = (
				2B1CAADF20653602005A193C /* Base */,
			);
			name = Main.storyboard;
			sourceTree = "<group>";
		};
		2B1CAAE320653602005A193C /* LaunchScreen.storyboard */ = {
			isa = PBXVariantGroup;
			children = (
				2B1CAAE420653602005A193C /* Base */,
			);
			name = LaunchScreen.storyboard;
			sourceTree = "<group>";
		};
/* End PBXVariantGroup section */

/* Begin XCBuildConfiguration section */
		2B18015A206BBB3300BE26C1 /* Debug */ = {
			isa = XCBuildConfiguration;
			baseConfigurationReference = BFA526985CFEB1B2BB8D2EC9 /* Pods-OneSignalNotificationServiceExtension.debug.xcconfig */;
			buildSettings = {
				CODE_SIGN_STYLE = Automatic;
				DEVELOPMENT_TEAM = AE86HBQRXP;
				INFOPLIST_FILE = OneSignalNotificationServiceExtension/Info.plist;
				LD_RUNPATH_SEARCH_PATHS = "$(inherited) @executable_path/Frameworks @executable_path/../../Frameworks";
				PRODUCT_BUNDLE_IDENTIFIER = com.caffeinum.fiztehradio.OneSignalNotificationServiceExtension;
				PRODUCT_NAME = "$(TARGET_NAME)";
				SKIP_INSTALL = YES;
				SWIFT_VERSION = 4.0;
				TARGETED_DEVICE_FAMILY = "1,2";
			};
			name = Debug;
		};
		2B18015B206BBB3300BE26C1 /* Release */ = {
			isa = XCBuildConfiguration;
			baseConfigurationReference = 41ED6A0D4FB73F1F1FA33E0E /* Pods-OneSignalNotificationServiceExtension.release.xcconfig */;
			buildSettings = {
				CODE_SIGN_STYLE = Automatic;
				DEVELOPMENT_TEAM = AE86HBQRXP;
				INFOPLIST_FILE = OneSignalNotificationServiceExtension/Info.plist;
				LD_RUNPATH_SEARCH_PATHS = "$(inherited) @executable_path/Frameworks @executable_path/../../Frameworks";
				PRODUCT_BUNDLE_IDENTIFIER = com.caffeinum.fiztehradio.OneSignalNotificationServiceExtension;
				PRODUCT_NAME = "$(TARGET_NAME)";
				SKIP_INSTALL = YES;
				SWIFT_VERSION = 4.0;
				TARGETED_DEVICE_FAMILY = "1,2";
			};
			name = Release;
		};
		2B1CAAFD20653602005A193C /* Debug */ = {
			isa = XCBuildConfiguration;
			buildSettings = {
				ALWAYS_SEARCH_USER_PATHS = NO;
				CLANG_ANALYZER_NONNULL = YES;
				CLANG_ANALYZER_NUMBER_OBJECT_CONVERSION = YES_AGGRESSIVE;
				CLANG_CXX_LANGUAGE_STANDARD = "gnu++14";
				CLANG_CXX_LIBRARY = "libc++";
				CLANG_ENABLE_MODULES = YES;
				CLANG_ENABLE_OBJC_ARC = YES;
				CLANG_WARN_BLOCK_CAPTURE_AUTORELEASING = YES;
				CLANG_WARN_BOOL_CONVERSION = YES;
				CLANG_WARN_COMMA = YES;
				CLANG_WARN_CONSTANT_CONVERSION = YES;
				CLANG_WARN_DIRECT_OBJC_ISA_USAGE = YES_ERROR;
				CLANG_WARN_DOCUMENTATION_COMMENTS = YES;
				CLANG_WARN_EMPTY_BODY = YES;
				CLANG_WARN_ENUM_CONVERSION = YES;
				CLANG_WARN_INFINITE_RECURSION = YES;
				CLANG_WARN_INT_CONVERSION = YES;
				CLANG_WARN_NON_LITERAL_NULL_CONVERSION = YES;
				CLANG_WARN_OBJC_LITERAL_CONVERSION = YES;
				CLANG_WARN_OBJC_ROOT_CLASS = YES_ERROR;
				CLANG_WARN_RANGE_LOOP_ANALYSIS = YES;
				CLANG_WARN_STRICT_PROTOTYPES = YES;
				CLANG_WARN_SUSPICIOUS_MOVE = YES;
				CLANG_WARN_UNGUARDED_AVAILABILITY = YES_AGGRESSIVE;
				CLANG_WARN_UNREACHABLE_CODE = YES;
				CLANG_WARN__DUPLICATE_METHOD_MATCH = YES;
				CODE_SIGN_IDENTITY = "iPhone Developer";
				COPY_PHASE_STRIP = NO;
				DEBUG_INFORMATION_FORMAT = dwarf;
				ENABLE_STRICT_OBJC_MSGSEND = YES;
				ENABLE_TESTABILITY = YES;
				GCC_C_LANGUAGE_STANDARD = gnu11;
				GCC_DYNAMIC_NO_PIC = NO;
				GCC_NO_COMMON_BLOCKS = YES;
				GCC_OPTIMIZATION_LEVEL = 0;
				GCC_PREPROCESSOR_DEFINITIONS = (
					"DEBUG=1",
					"$(inherited)",
				);
				GCC_WARN_64_TO_32_BIT_CONVERSION = YES;
				GCC_WARN_ABOUT_RETURN_TYPE = YES_ERROR;
				GCC_WARN_UNDECLARED_SELECTOR = YES;
				GCC_WARN_UNINITIALIZED_AUTOS = YES_AGGRESSIVE;
				GCC_WARN_UNUSED_FUNCTION = YES;
				GCC_WARN_UNUSED_VARIABLE = YES;
				IPHONEOS_DEPLOYMENT_TARGET = 11.2;
				MTL_ENABLE_DEBUG_INFO = YES;
				ONLY_ACTIVE_ARCH = YES;
				SDKROOT = iphoneos;
				SWIFT_ACTIVE_COMPILATION_CONDITIONS = DEBUG;
				SWIFT_OPTIMIZATION_LEVEL = "-Onone";
			};
			name = Debug;
		};
		2B1CAAFE20653602005A193C /* Release */ = {
			isa = XCBuildConfiguration;
			buildSettings = {
				ALWAYS_SEARCH_USER_PATHS = NO;
				CLANG_ANALYZER_NONNULL = YES;
				CLANG_ANALYZER_NUMBER_OBJECT_CONVERSION = YES_AGGRESSIVE;
				CLANG_CXX_LANGUAGE_STANDARD = "gnu++14";
				CLANG_CXX_LIBRARY = "libc++";
				CLANG_ENABLE_MODULES = YES;
				CLANG_ENABLE_OBJC_ARC = YES;
				CLANG_WARN_BLOCK_CAPTURE_AUTORELEASING = YES;
				CLANG_WARN_BOOL_CONVERSION = YES;
				CLANG_WARN_COMMA = YES;
				CLANG_WARN_CONSTANT_CONVERSION = YES;
				CLANG_WARN_DIRECT_OBJC_ISA_USAGE = YES_ERROR;
				CLANG_WARN_DOCUMENTATION_COMMENTS = YES;
				CLANG_WARN_EMPTY_BODY = YES;
				CLANG_WARN_ENUM_CONVERSION = YES;
				CLANG_WARN_INFINITE_RECURSION = YES;
				CLANG_WARN_INT_CONVERSION = YES;
				CLANG_WARN_NON_LITERAL_NULL_CONVERSION = YES;
				CLANG_WARN_OBJC_LITERAL_CONVERSION = YES;
				CLANG_WARN_OBJC_ROOT_CLASS = YES_ERROR;
				CLANG_WARN_RANGE_LOOP_ANALYSIS = YES;
				CLANG_WARN_STRICT_PROTOTYPES = YES;
				CLANG_WARN_SUSPICIOUS_MOVE = YES;
				CLANG_WARN_UNGUARDED_AVAILABILITY = YES_AGGRESSIVE;
				CLANG_WARN_UNREACHABLE_CODE = YES;
				CLANG_WARN__DUPLICATE_METHOD_MATCH = YES;
				CODE_SIGN_IDENTITY = "iPhone Developer";
				COPY_PHASE_STRIP = NO;
				DEBUG_INFORMATION_FORMAT = "dwarf-with-dsym";
				ENABLE_NS_ASSERTIONS = NO;
				ENABLE_STRICT_OBJC_MSGSEND = YES;
				GCC_C_LANGUAGE_STANDARD = gnu11;
				GCC_NO_COMMON_BLOCKS = YES;
				GCC_WARN_64_TO_32_BIT_CONVERSION = YES;
				GCC_WARN_ABOUT_RETURN_TYPE = YES_ERROR;
				GCC_WARN_UNDECLARED_SELECTOR = YES;
				GCC_WARN_UNINITIALIZED_AUTOS = YES_AGGRESSIVE;
				GCC_WARN_UNUSED_FUNCTION = YES;
				GCC_WARN_UNUSED_VARIABLE = YES;
				IPHONEOS_DEPLOYMENT_TARGET = 11.2;
				MTL_ENABLE_DEBUG_INFO = NO;
				SDKROOT = iphoneos;
				SWIFT_OPTIMIZATION_LEVEL = "-Owholemodule";
				VALIDATE_PRODUCT = YES;
			};
			name = Release;
		};
		2B1CAB0020653602005A193C /* Debug */ = {
			isa = XCBuildConfiguration;
			baseConfigurationReference = 80C404853120F4E4EB64CC15 /* Pods-fiztehradio.debug.xcconfig */;
			buildSettings = {
				ALWAYS_EMBED_SWIFT_STANDARD_LIBRARIES = YES;
				ASSETCATALOG_COMPILER_APPICON_NAME = AppIcon;
				CODE_SIGN_ENTITLEMENTS = fiztehradio/fiztehradio.entitlements;
				CODE_SIGN_STYLE = Automatic;
				DEVELOPMENT_TEAM = AE86HBQRXP;
				INFOPLIST_FILE = fiztehradio/Info.plist;
				IPHONEOS_DEPLOYMENT_TARGET = 10.0;
				LD_RUNPATH_SEARCH_PATHS = "$(inherited) @executable_path/Frameworks";
				PRODUCT_BUNDLE_IDENTIFIER = com.caffeinum.fiztehradio;
				PRODUCT_NAME = "$(TARGET_NAME)";
				SWIFT_VERSION = 4.0;
				TARGETED_DEVICE_FAMILY = "1,2";
			};
			name = Debug;
		};
		2B1CAB0120653602005A193C /* Release */ = {
			isa = XCBuildConfiguration;
			baseConfigurationReference = ADC2E8D2F378B39DD2DA16C7 /* Pods-fiztehradio.release.xcconfig */;
			buildSettings = {
				ALWAYS_EMBED_SWIFT_STANDARD_LIBRARIES = YES;
				ASSETCATALOG_COMPILER_APPICON_NAME = AppIcon;
				CODE_SIGN_ENTITLEMENTS = fiztehradio/fiztehradio.entitlements;
				CODE_SIGN_STYLE = Automatic;
				DEVELOPMENT_TEAM = AE86HBQRXP;
				INFOPLIST_FILE = fiztehradio/Info.plist;
				IPHONEOS_DEPLOYMENT_TARGET = 10.0;
				LD_RUNPATH_SEARCH_PATHS = "$(inherited) @executable_path/Frameworks";
				PRODUCT_BUNDLE_IDENTIFIER = com.caffeinum.fiztehradio;
				PRODUCT_NAME = "$(TARGET_NAME)";
				SWIFT_VERSION = 4.0;
				TARGETED_DEVICE_FAMILY = "1,2";
			};
			name = Release;
		};
		2B1CAB0320653602005A193C /* Debug */ = {
			isa = XCBuildConfiguration;
			baseConfigurationReference = 9C17B2634D00EFE5421EFC66 /* Pods-fiztehradioTests.debug.xcconfig */;
			buildSettings = {
				ALWAYS_EMBED_SWIFT_STANDARD_LIBRARIES = YES;
				BUNDLE_LOADER = "$(TEST_HOST)";
				CODE_SIGN_STYLE = Automatic;
				DEVELOPMENT_TEAM = AE86HBQRXP;
				INFOPLIST_FILE = fiztehradioTests/Info.plist;
				LD_RUNPATH_SEARCH_PATHS = "$(inherited) @executable_path/Frameworks @loader_path/Frameworks";
				PRODUCT_BUNDLE_IDENTIFIER = com.caffeinum.fiztehradioTests;
				PRODUCT_NAME = "$(TARGET_NAME)";
				SWIFT_VERSION = 4.0;
				TARGETED_DEVICE_FAMILY = "1,2";
				TEST_HOST = "$(BUILT_PRODUCTS_DIR)/fiztehradio.app/fiztehradio";
			};
			name = Debug;
		};
		2B1CAB0420653602005A193C /* Release */ = {
			isa = XCBuildConfiguration;
			baseConfigurationReference = 7E5DC036ABC60248FD823BC6 /* Pods-fiztehradioTests.release.xcconfig */;
			buildSettings = {
				ALWAYS_EMBED_SWIFT_STANDARD_LIBRARIES = YES;
				BUNDLE_LOADER = "$(TEST_HOST)";
				CODE_SIGN_STYLE = Automatic;
				DEVELOPMENT_TEAM = AE86HBQRXP;
				INFOPLIST_FILE = fiztehradioTests/Info.plist;
				LD_RUNPATH_SEARCH_PATHS = "$(inherited) @executable_path/Frameworks @loader_path/Frameworks";
				PRODUCT_BUNDLE_IDENTIFIER = com.caffeinum.fiztehradioTests;
				PRODUCT_NAME = "$(TARGET_NAME)";
				SWIFT_VERSION = 4.0;
				TARGETED_DEVICE_FAMILY = "1,2";
				TEST_HOST = "$(BUILT_PRODUCTS_DIR)/fiztehradio.app/fiztehradio";
			};
			name = Release;
		};
		2B1CAB0620653602005A193C /* Debug */ = {
			isa = XCBuildConfiguration;
			baseConfigurationReference = 39F622E57672AE7EB901A1DF /* Pods-fiztehradioUITests.debug.xcconfig */;
			buildSettings = {
				ALWAYS_EMBED_SWIFT_STANDARD_LIBRARIES = YES;
				CODE_SIGN_STYLE = Automatic;
				DEVELOPMENT_TEAM = AE86HBQRXP;
				INFOPLIST_FILE = fiztehradioUITests/Info.plist;
				LD_RUNPATH_SEARCH_PATHS = "$(inherited) @executable_path/Frameworks @loader_path/Frameworks";
				PRODUCT_BUNDLE_IDENTIFIER = com.caffeinum.fiztehradioUITests;
				PRODUCT_NAME = "$(TARGET_NAME)";
				SWIFT_VERSION = 4.0;
				TARGETED_DEVICE_FAMILY = "1,2";
				TEST_TARGET_NAME = fiztehradio;
			};
			name = Debug;
		};
		2B1CAB0720653602005A193C /* Release */ = {
			isa = XCBuildConfiguration;
			baseConfigurationReference = 70E509A1577C9A3A9365D046 /* Pods-fiztehradioUITests.release.xcconfig */;
			buildSettings = {
				ALWAYS_EMBED_SWIFT_STANDARD_LIBRARIES = YES;
				CODE_SIGN_STYLE = Automatic;
				DEVELOPMENT_TEAM = AE86HBQRXP;
				INFOPLIST_FILE = fiztehradioUITests/Info.plist;
				LD_RUNPATH_SEARCH_PATHS = "$(inherited) @executable_path/Frameworks @loader_path/Frameworks";
				PRODUCT_BUNDLE_IDENTIFIER = com.caffeinum.fiztehradioUITests;
				PRODUCT_NAME = "$(TARGET_NAME)";
				SWIFT_VERSION = 4.0;
				TARGETED_DEVICE_FAMILY = "1,2";
				TEST_TARGET_NAME = fiztehradio;
			};
			name = Release;
		};
/* End XCBuildConfiguration section */

/* Begin XCConfigurationList section */
		2B18015C206BBB3300BE26C1 /* Build configuration list for PBXNativeTarget "OneSignalNotificationServiceExtension" */ = {
			isa = XCConfigurationList;
			buildConfigurations = (
				2B18015A206BBB3300BE26C1 /* Debug */,
				2B18015B206BBB3300BE26C1 /* Release */,
			);
			defaultConfigurationIsVisible = 0;
			defaultConfigurationName = Release;
		};
		2B1CAAD220653601005A193C /* Build configuration list for PBXProject "fiztehradio" */ = {
			isa = XCConfigurationList;
			buildConfigurations = (
				2B1CAAFD20653602005A193C /* Debug */,
				2B1CAAFE20653602005A193C /* Release */,
			);
			defaultConfigurationIsVisible = 0;
			defaultConfigurationName = Release;
		};
		2B1CAAFF20653602005A193C /* Build configuration list for PBXNativeTarget "fiztehradio" */ = {
			isa = XCConfigurationList;
			buildConfigurations = (
				2B1CAB0020653602005A193C /* Debug */,
				2B1CAB0120653602005A193C /* Release */,
			);
			defaultConfigurationIsVisible = 0;
			defaultConfigurationName = Release;
		};
		2B1CAB0220653602005A193C /* Build configuration list for PBXNativeTarget "fiztehradioTests" */ = {
			isa = XCConfigurationList;
			buildConfigurations = (
				2B1CAB0320653602005A193C /* Debug */,
				2B1CAB0420653602005A193C /* Release */,
			);
			defaultConfigurationIsVisible = 0;
			defaultConfigurationName = Release;
		};
		2B1CAB0520653602005A193C /* Build configuration list for PBXNativeTarget "fiztehradioUITests" */ = {
			isa = XCConfigurationList;
			buildConfigurations = (
				2B1CAB0620653602005A193C /* Debug */,
				2B1CAB0720653602005A193C /* Release */,
			);
			defaultConfigurationIsVisible = 0;
			defaultConfigurationName = Release;
		};
/* End XCConfigurationList section */
	};
	rootObject = 2B1CAACF20653601005A193C /* Project object */;
}
